
Microsoft Visual Studio Solution File, Format Version 12.00
# Visual Studio 15
VisualStudioVersion = 15.0.27703.2035
MinimumVisualStudioVersion = 10.0.40219.1
Project("{FAE04EC0-301F-11D3-BF4B-00C04F79EFBC}") = "FalloutBackup", "FalloutBackup.csproj", "{FA4A8FE4-03F5-43B3-B11F-D5FB4CEABEEA}"
EndProject
Global
	GlobalSection(SolutionConfigurationPlatforms) = preSolution
		Debug|Any CPU = Debug|Any CPU
		Release|Any CPU = Release|Any CPU
	EndGlobalSection
	GlobalSection(ProjectConfigurationPlatforms) = postSolution
		{FA4A8FE4-03F5-43B3-B11F-D5FB4CEABEEA}.Debug|Any CPU.ActiveCfg = Debug|Any CPU
		{FA4A8FE4-03F5-43B3-B11F-D5FB4CEABEEA}.Debug|Any CPU.Build.0 = Debug|Any CPU
		{FA4A8FE4-03F5-43B3-B11F-D5FB4CEABEEA}.Release|Any CPU.ActiveCfg = Release|Any CPU
		{FA4A8FE4-03F5-43B3-B11F-D5FB4CEABEEA}.Release|Any CPU.Build.0 = Release|Any CPU
	EndGlobalSection
	GlobalSection(SolutionProperties) = preSolution
		HideSolutionNode = FALSE
	EndGlobalSection
	GlobalSection(ExtensibilityGlobals) = postSolution
		SolutionGuid = {DD0A3482-8DB9-44E0-8443-EB47DB2B8AC0}
	EndGlobalSection
EndGlobal
